Microsoft Visual Studio Solution File, Format Version 12.00
# Visual Studio Version 17
VisualStudioVersion = 17.0.31903.59
MinimumVisualStudioVersion = 10.0.40219.1
Project("{768F764A-F9A6-4DD7-BAAE-DD3ABFFE0F6B}") = "Project_a9413e748e214a819bbc6a18cab3701c_20250619080305222420", "Project_a9413e748e214a819bbc6a18cab3701c_20250619080305222420.csproj", "{768F764A-F9A6-4DD7-BAAE-DD3ABFFE0F6B}"
EndProject
Global
    GlobalSection(SolutionConfigurationPlatforms) = preSolution
        Debug|Any CPU = Debug|Any CPU
        Release|Any CPU = Release|Any CPU
    EndGlobalSection
    GlobalSection(ProjectConfigurationPlatforms) = postSolution
        {768F764A-F9A6-4DD7-BAAE-DD3ABFFE0F6B}.Debug|Any CPU.ActiveCfg = Debug|Any CPU
        {768F764A-F9A6-4DD7-BAAE-DD3ABFFE0F6B}.Debug|Any CPU.Build.0 = Debug|Any CPU
        {768F764A-F9A6-4DD7-BAAE-DD3ABFFE0F6B}.Release|Any CPU.ActiveCfg = Release|Any CPU
        {768F764A-F9A6-4DD7-BAAE-DD3ABFFE0F6B}.Release|Any CPU.Build.0 = Release|Any CPU
    EndGlobalSection
EndGlobal